
Microsoft Visual Studio Solution File, Format Version 12.00
# Visual Studio Version 17
VisualStudioVersion = 17.9.34714.143
MinimumVisualStudioVersion = 10.0.40219.1
Project("{FAE04EC0-301F-11D3-BF4B-00C04F79EFBC}") = "1551coursework", "1551coursework\1551coursework.csproj", "{6F565D11-BB94-4366-AD04-BACE9B9F49FA}"
EndProject
Global
	GlobalSection(SolutionConfigurationPlatforms) = preSolution
		Debug|Any CPU = Debug|Any CPU
		Release|Any CPU = Release|Any CPU
	EndGlobalSection
	GlobalSection(ProjectConfigurationPlatforms) = postSolution
		{6F565D11-BB94-4366-AD04-BACE9B9F49FA}.Debug|Any CPU.ActiveCfg = Debug|Any CPU
		{6F565D11-BB94-4366-AD04-BACE9B9F49FA}.Debug|Any CPU.Build.0 = Debug|Any CPU
		{6F565D11-BB94-4366-AD04-BACE9B9F49FA}.Release|Any CPU.ActiveCfg = Release|Any CPU
		{6F565D11-BB94-4366-AD04-BACE9B9F49FA}.Release|Any CPU.Build.0 = Release|Any CPU
	EndGlobalSection
	GlobalSection(SolutionProperties) = preSolution
		HideSolutionNode = FALSE
	EndGlobalSection
	GlobalSection(ExtensibilityGlobals) = postSolution
		SolutionGuid = {D73E7089-2A49-4B10-9EDC-84DB27D8181B}
	EndGlobalSection
EndGlobal
